PODS:
  - app_crypto_icons (0.0.1):
    - Flutter
  - Flutter (1.0.0)

DEPENDENCIES:
  - app_crypto_icons (from `.symlinks/plugins/app_crypto_icons/ios`)
  - Flutter (from `Flutter`)

EXTERNAL SOURCES:
  app_crypto_icons:
    :path: ".symlinks/plugins/app_crypto_icons/ios"
  Flutter:
    :path: Flutter

SPEC CHECKSUMS:
  app_crypto_icons: cb24e3b2ddd4bfc43df324e5a7c9afb9055c46e9
  Flutter: 0e3d915762c693b495b44d77113d4970485de6ec

PODFILE CHECKSUM: aafe91acc616949ddb318b77800a7f51bffa2a4c

COCOAPODS: 1.9.3
